
Microsoft Visual Studio Solution File, Format Version 12.00
# Visual Studio Version 16
VisualStudioVersion = 16.0.29509.3
MinimumVisualStudioVersion = 10.0.40219.1
Project("{FAE04EC0-301F-11D3-BF4B-00C04F79EFBC}") = "Summative2DGame", "Summative2DGame\Summative2DGame.csproj", "{248B604C-F0C7-4369-812B-C0766137D241}"
EndProject
Global
	GlobalSection(SolutionConfigurationPlatforms) = preSolution
		Debug|Any CPU = Debug|Any CPU
		Release|Any CPU = Release|Any CPU
	EndGlobalSection
	GlobalSection(ProjectConfigurationPlatforms) = postSolution
		{248B604C-F0C7-4369-812B-C0766137D241}.Debug|Any CPU.ActiveCfg = Debug|Any CPU
		{248B604C-F0C7-4369-812B-C0766137D241}.Debug|Any CPU.Build.0 = Debug|Any CPU
		{248B604C-F0C7-4369-812B-C0766137D241}.Release|Any CPU.ActiveCfg = Release|Any CPU
		{248B604C-F0C7-4369-812B-C0766137D241}.Release|Any CPU.Build.0 = Release|Any CPU
	EndGlobalSection
	GlobalSection(SolutionProperties) = preSolution
		HideSolutionNode = FALSE
	EndGlobalSection
	GlobalSection(ExtensibilityGlobals) = postSolution
		SolutionGuid = {8582F88B-85F1-4C03-ABC8-BBF50A3AD6A9}
	EndGlobalSection
EndGlobal
